
Microsoft Visual Studio Solution File, Format Version 12.00
# Visual Studio Version 17
VisualStudioVersion = 17.13.35806.99 d17.13
MinimumVisualStudioVersion = 10.0.40219.1
Project("{8BC9CEB8-8B4A-11D0-8D11-00A0C91BC942}") = "course_work_vitchmath", "course_work_vitchmath\course_work_vitchmath.vcxproj", "{ACEB3F39-05DE-4FC2-ABE2-7D2074C16DEA}"
EndProject
Global
	GlobalSection(SolutionConfigurationPlatforms) = preSolution
		Debug|x64 = Debug|x64
		Debug|x86 = Debug|x86
		Release|x64 = Release|x64
		Release|x86 = Release|x86
	EndGlobalSection
	GlobalSection(ProjectConfigurationPlatforms) = postSolution
		{ACEB3F39-05DE-4FC2-ABE2-7D2074C16DEA}.Debug|x64.ActiveCfg = Debug|x64
		{ACEB3F39-05DE-4FC2-ABE2-7D2074C16DEA}.Debug|x64.Build.0 = Debug|x64
		{ACEB3F39-05DE-4FC2-ABE2-7D2074C16DEA}.Debug|x86.ActiveCfg = Debug|Win32
		{ACEB3F39-05DE-4FC2-ABE2-7D2074C16DEA}.Debug|x86.Build.0 = Debug|Win32
		{ACEB3F39-05DE-4FC2-ABE2-7D2074C16DEA}.Release|x64.ActiveCfg = Release|x64
		{ACEB3F39-05DE-4FC2-ABE2-7D2074C16DEA}.Release|x64.Build.0 = Release|x64
		{ACEB3F39-05DE-4FC2-ABE2-7D2074C16DEA}.Release|x86.ActiveCfg = Release|Win32
		{ACEB3F39-05DE-4FC2-ABE2-7D2074C16DEA}.Release|x86.Build.0 = Release|Win32
	EndGlobalSection
	GlobalSection(SolutionProperties) = preSolution
		HideSolutionNode = FALSE
	EndGlobalSection
	GlobalSection(ExtensibilityGlobals) = postSolution
		SolutionGuid = {93EDDEAD-FEC3-4DC3-9CDE-F2887BF86CBB}
	EndGlobalSection
EndGlobal
